
Microsoft Visual Studio Solution File, Format Version 12.00
# Visual Studio Version 17
VisualStudioVersion = 17.10.34607.79
MinimumVisualStudioVersion = 10.0.40219.1
Project("{FAE04EC0-301F-11D3-BF4B-00C04F79EFBC}") = "Socks", "Socks.csproj", "{CCED11B2-DF45-4D40-A373-7E61E99E792A}"
EndProject
Global
	GlobalSection(SolutionConfigurationPlatforms) = preSolution
		Debug|Any CPU = Debug|Any CPU
		Release|Any CPU = Release|Any CPU
	EndGlobalSection
	GlobalSection(ProjectConfigurationPlatforms) = postSolution
		{CCED11B2-DF45-4D40-A373-7E61E99E792A}.Debug|Any CPU.ActiveCfg = Debug|Any CPU
		{CCED11B2-DF45-4D40-A373-7E61E99E792A}.Debug|Any CPU.Build.0 = Debug|Any CPU
		{CCED11B2-DF45-4D40-A373-7E61E99E792A}.Release|Any CPU.ActiveCfg = Release|Any CPU
		{CCED11B2-DF45-4D40-A373-7E61E99E792A}.Release|Any CPU.Build.0 = Release|Any CPU
	EndGlobalSection
	GlobalSection(SolutionProperties) = preSolution
		HideSolutionNode = FALSE
	EndGlobalSection
	GlobalSection(ExtensibilityGlobals) = postSolution
		SolutionGuid = {5270C300-9B60-4E47-BC45-D181D87C16A0}
	EndGlobalSection
EndGlobal
